{
  "name": "lazy-stats",
  "version": "4.1.1",
  "lockfileVersion": 2,
  "requires": true,
  "packages": {
    "": {
      "name": "lazy-stats",
      "version": "4.1.1",
      "license": "MIT",
      "dependencies": {
        "@hugov/byte-views": "^0.1.0"
      },
      "devDependencies": {
        "@types/node": "^15.12.4",
        "assert-op": "^1.0.0"
      }
    },
    "node_modules/@hugov/byte-views": {
      "version": "0.1.0",
      "resolved": "https://registry.npmjs.org/@hugov/byte-views/-/byte-views-0.1.0.tgz",
      "integrity": "sha512-UcA+PDviovQSEWiKtuZN25x0cxtsmfy5N54qYxnPmQueSUZMg+GT2GeRG2wLN4AkSsy8c3RZg+YAbR7epujA2Q=="
    },
    "node_modules/@types/node": {
      "version": "15.12.4",
      "resolved": "https://registry.npmjs.org/@types/node/-/node-15.12.4.tgz",
      "integrity": "sha512-zrNj1+yqYF4WskCMOHwN+w9iuD12+dGm0rQ35HLl9/Ouuq52cEtd0CH9qMgrdNmi5ejC1/V7vKEXYubB+65DkA==",
      "dev": true
    },
    "node_modules/assert-op": {
      "version": "1.0.0",
      "resolved": "https://registry.npmjs.org/assert-op/-/assert-op-1.0.0.tgz",
      "integrity": "sha512-6txD8ys9G2MQPGALJtv/3UZZZt97hSC5Ive11JwsGslQyCibB0ZZPkFBgFUJCSSEvYT8Sbd+oSZwzGohucaNdQ==",
      "dev": true
    }
  },
  "dependencies": {
    "@hugov/byte-views": {
      "version": "0.1.0",
      "resolved": "https://registry.npmjs.org/@hugov/byte-views/-/byte-views-0.1.0.tgz",
      "integrity": "sha512-UcA+PDviovQSEWiKtuZN25x0cxtsmfy5N54qYxnPmQueSUZMg+GT2GeRG2wLN4AkSsy8c3RZg+YAbR7epujA2Q=="
    },
    "@types/node": {
      "version": "15.12.4",
      "resolved": "https://registry.npmjs.org/@types/node/-/node-15.12.4.tgz",
      "integrity": "sha512-zrNj1+yqYF4WskCMOHwN+w9iuD12+dGm0rQ35HLl9/Ouuq52cEtd0CH9qMgrdNmi5ejC1/V7vKEXYubB+65DkA==",
      "dev": true
    },
    "assert-op": {
      "version": "1.0.0",
      "resolved": "https://registry.npmjs.org/assert-op/-/assert-op-1.0.0.tgz",
      "integrity": "sha512-6txD8ys9G2MQPGALJtv/3UZZZt97hSC5Ive11JwsGslQyCibB0ZZPkFBgFUJCSSEvYT8Sbd+oSZwzGohucaNdQ==",
      "dev": true
    }
  }
}
